
Microsoft Visual Studio Solution File, Format Version 10.00
# Visual Studio 2008
Project("{8BC9CEB8-8B4A-11D0-8D11-00A0C91BC942}") = "atgad", "atgad.vcproj", "{57494E21-3B7E-4A5F-A363-A13ECA1E6AA5}"
EndProject
Project("{FAE04EC0-301F-11D3-BF4B-00C04F79EFBC}") = "Demo", "..\Demo\Demo.csproj", "{D0615F1F-07DF-41AA-918A-0F5AC897D512}"
EndProject
Project("{8BC9CEB8-8B4A-11D0-8D11-00A0C91BC942}") = "CPlusDemo", "..\CPlusDemo\CPlusDemo.vcproj", "{5A682C9F-D4C9-41BC-B4FE-318352EE66E4}"
EndProject
Project("{8BC9CEB8-8B4A-11D0-8D11-00A0C91BC942}") = "CLRDemo", "..\CLRDemo\CLRDemo.vcproj", "{EE4BA0E5-F29F-4D72-B5D8-AD5E223E642E}"
EndProject
Project("{FAE04EC0-301F-11D3-BF4B-00C04F79EFBC}") = "IncludingDemo", "..\IncludingDemo\IncludingDemo.csproj", "{78A58AE4-3A98-4397-B5B3-F6B09550BA87}"
EndProject
Project("{FAE04EC0-301F-11D3-BF4B-00C04F79EFBC}") = "WinTop", "..\WinTop\WinTop.csproj", "{15D0687E-FB5D-49AC-AFE9-9CA09D4881FF}"
EndProject
Project("{F184B08F-C81C-45F6-A57F-5ABD9991F28F}") = "VBDemo", "..\VBDemo\VBDemo.vbproj", "{A75DA726-6A26-4E29-9098-F5BE5DE57C2B}"
EndProject
Project("{8BC9CEB8-8B4A-11D0-8D11-00A0C91BC942}") = "LibDemo", "..\LibDemo\LibDemo.vcproj", "{2BB0F2A4-E43F-4876-A9A4-F26A1EABE7F9}"
EndProject
Project("{FAE04EC0-301F-11D3-BF4B-00C04F79EFBC}") = "TransparentDemo", "..\TransparentDemo\TransparentDemo.csproj", "{151D533E-32C9-410D-8871-5260180934E0}"
EndProject
Global
	GlobalSection(SolutionConfigurationPlatforms) = preSolution
		Debug|Any CPU = Debug|Any CPU
		Debug|Mixed Platforms = Debug|Mixed Platforms
		Debug|Win32 = Debug|Win32
		Release MinDependency|Any CPU = Release MinDependency|Any CPU
		Release MinDependency|Mixed Platforms = Release MinDependency|Mixed Platforms
		Release MinDependency|Win32 = Release MinDependency|Win32
		Release MinSize|Any CPU = Release MinSize|Any CPU
		Release MinSize|Mixed Platforms = Release MinSize|Mixed Platforms
		Release MinSize|Win32 = Release MinSize|Win32
		Release|Any CPU = Release|Any CPU
		Release|Mixed Platforms = Release|Mixed Platforms
		Release|Win32 = Release|Win32
		Unicode Debug|Any CPU = Unicode Debug|Any CPU
		Unicode Debug|Mixed Platforms = Unicode Debug|Mixed Platforms
		Unicode Debug|Win32 = Unicode Debug|Win32
		Unicode Release MinDependency|Any CPU = Unicode Release MinDependency|Any CPU
		Unicode Release MinDependency|Mixed Platforms = Unicode Release MinDependency|Mixed Platforms
		Unicode Release MinDependency|Win32 = Unicode Release MinDependency|Win32
		Unicode Release MinSize|Any CPU = Unicode Release MinSize|Any CPU
		Unicode Release MinSize|Mixed Platforms = Unicode Release MinSize|Mixed Platforms
		Unicode Release MinSize|Win32 = Unicode Release MinSize|Win32
	EndGlobalSection
	GlobalSection(ProjectConfigurationPlatforms) = postSolution
		{57494E21-3B7E-4A5F-A363-A13ECA1E6AA5}.Debug|Any CPU.ActiveCfg = Debug|Win32
		{57494E21-3B7E-4A5F-A363-A13ECA1E6AA5}.Debug|Mixed Platforms.ActiveCfg = Debug|Win32
		{57494E21-3B7E-4A5F-A363-A13ECA1E6AA5}.Debug|Mixed Platforms.Build.0 = Debug|Win32
		{57494E21-3B7E-4A5F-A363-A13ECA1E6AA5}.Debug|Win32.ActiveCfg = Debug|Win32
		{57494E21-3B7E-4A5F-A363-A13ECA1E6AA5}.Debug|Win32.Build.0 = Debug|Win32
		{57494E21-3B7E-4A5F-A363-A13ECA1E6AA5}.Release MinDependency|Any CPU.ActiveCfg = Release MinDependency|Win32
		{57494E21-3B7E-4A5F-A363-A13ECA1E6AA5}.Release MinDependency|Mixed Platforms.ActiveCfg = Release MinDependency|Win32
		{57494E21-3B7E-4A5F-A363-A13ECA1E6AA5}.Release MinDependency|Mixed Platforms.Build.0 = Release MinDependency|Win32
		{57494E21-3B7E-4A5F-A363-A13ECA1E6AA5}.Release MinDependency|Win32.ActiveCfg = Release MinDependency|Win32
		{57494E21-3B7E-4A5F-A363-A13ECA1E6AA5}.Release MinDependency|Win32.Build.0 = Release MinDependency|Win32
		{57494E21-3B7E-4A5F-A363-A13ECA1E6AA5}.Release MinSize|Any CPU.ActiveCfg = Release MinSize|Win32
		{57494E21-3B7E-4A5F-A363-A13ECA1E6AA5}.Release MinSize|Mixed Platforms.ActiveCfg = Release MinSize|Win32
		{57494E21-3B7E-4A5F-A363-A13ECA1E6AA5}.Release MinSize|Mixed Platforms.Build.0 = Release MinSize|Win32
		{57494E21-3B7E-4A5F-A363-A13ECA1E6AA5}.Release MinSize|Win32.ActiveCfg = Release MinSize|Win32
		{57494E21-3B7E-4A5F-A363-A13ECA1E6AA5}.Release MinSize|Win32.Build.0 = Release MinSize|Win32
		{57494E21-3B7E-4A5F-A363-A13ECA1E6AA5}.Release|Any CPU.ActiveCfg = Release MinSize|Win32
		{57494E21-3B7E-4A5F-A363-A13ECA1E6AA5}.Release|Mixed Platforms.ActiveCfg = Release MinSize|Win32
		{57494E21-3B7E-4A5F-A363-A13ECA1E6AA5}.Release|Mixed Platforms.Build.0 = Release MinSize|Win32
		{57494E21-3B7E-4A5F-A363-A13ECA1E6AA5}.Release|Win32.ActiveCfg = Release MinSize|Win32
		{57494E21-3B7E-4A5F-A363-A13ECA1E6AA5}.Release|Win32.Build.0 = Release MinSize|Win32
		{57494E21-3B7E-4A5F-A363-A13ECA1E6AA5}.Unicode Debug|Any CPU.ActiveCfg = Unicode Debug|Win32
		{57494E21-3B7E-4A5F-A363-A13ECA1E6AA5}.Unicode Debug|Mixed Platforms.ActiveCfg = Unicode Debug|Win32
		{57494E21-3B7E-4A5F-A363-A13ECA1E6AA5}.Unicode Debug|Mixed Platforms.Build.0 = Unicode Debug|Win32
		{57494E21-3B7E-4A5F-A363-A13ECA1E6AA5}.Unicode Debug|Win32.ActiveCfg = Unicode Debug|Win32
		{57494E21-3B7E-4A5F-A363-A13ECA1E6AA5}.Unicode Debug|Win32.Build.0 = Unicode Debug|Win32
		{57494E21-3B7E-4A5F-A363-A13ECA1E6AA5}.Unicode Release MinDependency|Any CPU.ActiveCfg = Unicode Release MinDependency|Win32
		{57494E21-3B7E-4A5F-A363-A13ECA1E6AA5}.Unicode Release MinDependency|Mixed Platforms.ActiveCfg = Unicode Release MinDependency|Win32
		{57494E21-3B7E-4A5F-A363-A13ECA1E6AA5}.Unicode Release MinDependency|Mixed Platforms.Build.0 = Unicode Release MinDependency|Win32
		{57494E21-3B7E-4A5F-A363-A13ECA1E6AA5}.Unicode Release MinDependency|Win32.ActiveCfg = Unicode Release MinDependency|Win32
		{57494E21-3B7E-4A5F-A363-A13ECA1E6AA5}.Unicode Release MinDependency|Win32.Build.0 = Unicode Release MinDependency|Win32
		{57494E21-3B7E-4A5F-A363-A13ECA1E6AA5}.Unicode Release MinSize|Any CPU.ActiveCfg = Unicode Release MinSize|Win32
		{57494E21-3B7E-4A5F-A363-A13ECA1E6AA5}.Unicode Release MinSize|Mixed Platforms.ActiveCfg = Unicode Release MinSize|Win32
		{57494E21-3B7E-4A5F-A363-A13ECA1E6AA5}.Unicode Release MinSize|Mixed Platforms.Build.0 = Unicode Release MinSize|Win32
		{57494E21-3B7E-4A5F-A363-A13ECA1E6AA5}.Unicode Release MinSize|Win32.ActiveCfg = Unicode Release MinSize|Win32
		{57494E21-3B7E-4A5F-A363-A13ECA1E6AA5}.Unicode Release MinSize|Win32.Build.0 = Unicode Release MinSize|Win32
		{D0615F1F-07DF-41AA-918A-0F5AC897D512}.Debug|Any CPU.ActiveCfg = Debug|Any CPU
		{D0615F1F-07DF-41AA-918A-0F5AC897D512}.Debug|Any CPU.Build.0 = Debug|Any CPU
		{D0615F1F-07DF-41AA-918A-0F5AC897D512}.Debug|Mixed Platforms.ActiveCfg = Debug|Any CPU
		{D0615F1F-07DF-41AA-918A-0F5AC897D512}.Debug|Mixed Platforms.Build.0 = Debug|Any CPU
		{D0615F1F-07DF-41AA-918A-0F5AC897D512}.Debug|Win32.ActiveCfg = Debug|Any CPU
		{D0615F1F-07DF-41AA-918A-0F5AC897D512}.Release MinDependency|Any CPU.ActiveCfg = Release|Any CPU
		{D0615F1F-07DF-41AA-918A-0F5AC897D512}.Release MinDependency|Any CPU.Build.0 = Release|Any CPU
		{D0615F1F-07DF-41AA-918A-0F5AC897D512}.Release MinDependency|Mixed Platforms.ActiveCfg = Release|Any CPU
		{D0615F1F-07DF-41AA-918A-0F5AC897D512}.Release MinDependency|Mixed Platforms.Build.0 = Release|Any CPU
		{D0615F1F-07DF-41AA-918A-0F5AC897D512}.Release MinDependency|Win32.ActiveCfg = Release|Any CPU
		{D0615F1F-07DF-41AA-918A-0F5AC897D512}.Release MinSize|Any CPU.ActiveCfg = Release|Any CPU
		{D0615F1F-07DF-41AA-918A-0F5AC897D512}.Release MinSize|Any CPU.Build.0 = Release|Any CPU
		{D0615F1F-07DF-41AA-918A-0F5AC897D512}.Release MinSize|Mixed Platforms.ActiveCfg = Release|Any CPU
		{D0615F1F-07DF-41AA-918A-0F5AC897D512}.Release MinSize|Mixed Platforms.Build.0 = Release|Any CPU
		{D0615F1F-07DF-41AA-918A-0F5AC897D512}.Release MinSize|Win32.ActiveCfg = Release|Any CPU
		{D0615F1F-07DF-41AA-918A-0F5AC897D512}.Release|Any CPU.ActiveCfg = Release|Any CPU
		{D0615F1F-07DF-41AA-918A-0F5AC897D512}.Release|Any CPU.Build.0 = Release|Any CPU
		{D0615F1F-07DF-41AA-918A-0F5AC897D512}.Release|Mixed Platforms.ActiveCfg = Release|Any CPU
		{D0615F1F-07DF-41AA-918A-0F5AC897D512}.Release|Mixed Platforms.Build.0 = Release|Any CPU
		{D0615F1F-07DF-41AA-918A-0F5AC897D512}.Release|Win32.ActiveCfg = Release|Any CPU
		{D0615F1F-07DF-41AA-918A-0F5AC897D512}.Unicode Debug|Any CPU.ActiveCfg = Debug|Any CPU
		{D0615F1F-07DF-41AA-918A-0F5AC897D512}.Unicode Debug|Any CPU.Build.0 = Debug|Any CPU
		{D0615F1F-07DF-41AA-918A-0F5AC897D512}.Unicode Debug|Mixed Platforms.ActiveCfg = Debug|Any CPU
		{D0615F1F-07DF-41AA-918A-0F5AC897D512}.Unicode Debug|Mixed Platforms.Build.0 = Debug|Any CPU
		{D0615F1F-07DF-41AA-918A-0F5AC897D512}.Unicode Debug|Win32.ActiveCfg = Debug|Any CPU
		{D0615F1F-07DF-41AA-918A-0F5AC897D512}.Unicode Release MinDependency|Any CPU.ActiveCfg = Release|Any CPU
		{D0615F1F-07DF-41AA-918A-0F5AC897D512}.Unicode Release MinDependency|Any CPU.Build.0 = Release|Any CPU
		{D0615F1F-07DF-41AA-918A-0F5AC897D512}.Unicode Release MinDependency|Mixed Platforms.ActiveCfg = Release|Any CPU
		{D0615F1F-07DF-41AA-918A-0F5AC897D512}.Unicode Release MinDependency|Mixed Platforms.Build.0 = Release|Any CPU
		{D0615F1F-07DF-41AA-918A-0F5AC897D512}.Unicode Release MinDependency|Win32.ActiveCfg = Release|Any CPU
		{D0615F1F-07DF-41AA-918A-0F5AC897D512}.Unicode Release MinSize|Any CPU.ActiveCfg = Release|Any CPU
		{D0615F1F-07DF-41AA-918A-0F5AC897D512}.Unicode Release MinSize|Any CPU.Build.0 = Release|Any CPU
		{D0615F1F-07DF-41AA-918A-0F5AC897D512}.Unicode Release MinSize|Mixed Platforms.ActiveCfg = Release|Any CPU
		{D0615F1F-07DF-41AA-918A-0F5AC897D512}.Unicode Release MinSize|Mixed Platforms.Build.0 = Release|Any CPU
		{D0615F1F-07DF-41AA-918A-0F5AC897D512}.Unicode Release MinSize|Win32.ActiveCfg = Release|Any CPU
		{5A682C9F-D4C9-41BC-B4FE-318352EE66E4}.Debug|Any CPU.ActiveCfg = Debug|Win32
		{5A682C9F-D4C9-41BC-B4FE-318352EE66E4}.Debug|Mixed Platforms.ActiveCfg = Debug|Win32
		{5A682C9F-D4C9-41BC-B4FE-318352EE66E4}.Debug|Mixed Platforms.Build.0 = Debug|Win32
		{5A682C9F-D4C9-41BC-B4FE-318352EE66E4}.Debug|Win32.ActiveCfg = Debug|Win32
		{5A682C9F-D4C9-41BC-B4FE-318352EE66E4}.Debug|Win32.Build.0 = Debug|Win32
		{5A682C9F-D4C9-41BC-B4FE-318352EE66E4}.Release MinDependency|Any CPU.ActiveCfg = Release|Win32
		{5A682C9F-D4C9-41BC-B4FE-318352EE66E4}.Release MinDependency|Mixed Platforms.ActiveCfg = Release|Win32
		{5A682C9F-D4C9-41BC-B4FE-318352EE66E4}.Release MinDependency|Mixed Platforms.Build.0 = Release|Win32
		{5A682C9F-D4C9-41BC-B4FE-318352EE66E4}.Release MinDependency|Win32.ActiveCfg = Release|Win32
		{5A682C9F-D4C9-41BC-B4FE-318352EE66E4}.Release MinDependency|Win32.Build.0 = Release|Win32
		{5A682C9F-D4C9-41BC-B4FE-318352EE66E4}.Release MinSize|Any CPU.ActiveCfg = Release|Win32
		{5A682C9F-D4C9-41BC-B4FE-318352EE66E4}.Release MinSize|Mixed Platforms.ActiveCfg = Release|Win32
		{5A682C9F-D4C9-41BC-B4FE-318352EE66E4}.Release MinSize|Mixed Platforms.Build.0 = Release|Win32
		{5A682C9F-D4C9-41BC-B4FE-318352EE66E4}.Release MinSize|Win32.ActiveCfg = Release|Win32
		{5A682C9F-D4C9-41BC-B4FE-318352EE66E4}.Release MinSize|Win32.Build.0 = Release|Win32
		{5A682C9F-D4C9-41BC-B4FE-318352EE66E4}.Release|Any CPU.ActiveCfg = Release|Win32
		{5A682C9F-D4C9-41BC-B4FE-318352EE66E4}.Release|Mixed Platforms.ActiveCfg = Release|Win32
		{5A682C9F-D4C9-41BC-B4FE-318352EE66E4}.Release|Mixed Platforms.Build.0 = Release|Win32
		{5A682C9F-D4C9-41BC-B4FE-318352EE66E4}.Release|Win32.ActiveCfg = Release|Win32
		{5A682C9F-D4C9-41BC-B4FE-318352EE66E4}.Release|Win32.Build.0 = Release|Win32
		{5A682C9F-D4C9-41BC-B4FE-318352EE66E4}.Unicode Debug|Any CPU.ActiveCfg = Debug|Win32
		{5A682C9F-D4C9-41BC-B4FE-318352EE66E4}.Unicode Debug|Mixed Platforms.ActiveCfg = Debug|Win32
		{5A682C9F-D4C9-41BC-B4FE-318352EE66E4}.Unicode Debug|Mixed Platforms.Build.0 = Debug|Win32
		{5A682C9F-D4C9-41BC-B4FE-318352EE66E4}.Unicode Debug|Win32.ActiveCfg = Debug|Win32
		{5A682C9F-D4C9-41BC-B4FE-318352EE66E4}.Unicode Debug|Win32.Build.0 = Debug|Win32
		{5A682C9F-D4C9-41BC-B4FE-318352EE66E4}.Unicode Release MinDependency|Any CPU.ActiveCfg = Release|Win32
		{5A682C9F-D4C9-41BC-B4FE-318352EE66E4}.Unicode Release MinDependency|Mixed Platforms.ActiveCfg = Release|Win32
		{5A682C9F-D4C9-41BC-B4FE-318352EE66E4}.Unicode Release MinDependency|Mixed Platforms.Build.0 = Release|Win32
		{5A682C9F-D4C9-41BC-B4FE-318352EE66E4}.Unicode Release MinDependency|Win32.ActiveCfg = Release|Win32
		{5A682C9F-D4C9-41BC-B4FE-318352EE66E4}.Unicode Release MinDependency|Win32.Build.0 = Release|Win32
		{5A682C9F-D4C9-41BC-B4FE-318352EE66E4}.Unicode Release MinSize|Any CPU.ActiveCfg = Release|Win32
		{5A682C9F-D4C9-41BC-B4FE-318352EE66E4}.Unicode Release MinSize|Mixed Platforms.ActiveCfg = Release|Win32
		{5A682C9F-D4C9-41BC-B4FE-318352EE66E4}.Unicode Release MinSize|Mixed Platforms.Build.0 = Release|Win32
		{5A682C9F-D4C9-41BC-B4FE-318352EE66E4}.Unicode Release MinSize|Win32.ActiveCfg = Release|Win32
		{5A682C9F-D4C9-41BC-B4FE-318352EE66E4}.Unicode Release MinSize|Win32.Build.0 = Release|Win32
		{EE4BA0E5-F29F-4D72-B5D8-AD5E223E642E}.Debug|Any CPU.ActiveCfg = Debug|Win32
		{EE4BA0E5-F29F-4D72-B5D8-AD5E223E642E}.Debug|Mixed Platforms.ActiveCfg = Debug|Win32
		{EE4BA0E5-F29F-4D72-B5D8-AD5E223E642E}.Debug|Mixed Platforms.Build.0 = Debug|Win32
		{EE4BA0E5-F29F-4D72-B5D8-AD5E223E642E}.Debug|Win32.ActiveCfg = Debug|Win32
		{EE4BA0E5-F29F-4D72-B5D8-AD5E223E642E}.Debug|Win32.Build.0 = Debug|Win32
		{EE4BA0E5-F29F-4D72-B5D8-AD5E223E642E}.Release MinDependency|Any CPU.ActiveCfg = Release|Win32
		{EE4BA0E5-F29F-4D72-B5D8-AD5E223E642E}.Release MinDependency|Mixed Platforms.ActiveCfg = Release|Win32
		{EE4BA0E5-F29F-4D72-B5D8-AD5E223E642E}.Release MinDependency|Mixed Platforms.Build.0 = Release|Win32
		{EE4BA0E5-F29F-4D72-B5D8-AD5E223E642E}.Release MinDependency|Win32.ActiveCfg = Release|Win32
		{EE4BA0E5-F29F-4D72-B5D8-AD5E223E642E}.Release MinDependency|Win32.Build.0 = Release|Win32
		{EE4BA0E5-F29F-4D72-B5D8-AD5E223E642E}.Release MinSize|Any CPU.ActiveCfg = Release|Win32
		{EE4BA0E5-F29F-4D72-B5D8-AD5E223E642E}.Release MinSize|Mixed Platforms.ActiveCfg = Release|Win32
		{EE4BA0E5-F29F-4D72-B5D8-AD5E223E642E}.Release MinSize|Mixed Platforms.Build.0 = Release|Win32
		{EE4BA0E5-F29F-4D72-B5D8-AD5E223E642E}.Release MinSize|Win32.ActiveCfg = Release|Win32
		{EE4BA0E5-F29F-4D72-B5D8-AD5E223E642E}.Release MinSize|Win32.Build.0 = Release|Win32
		{EE4BA0E5-F29F-4D72-B5D8-AD5E223E642E}.Release|Any CPU.ActiveCfg = Release|Win32
		{EE4BA0E5-F29F-4D72-B5D8-AD5E223E642E}.Release|Mixed Platforms.ActiveCfg = Release|Win32
		{EE4BA0E5-F29F-4D72-B5D8-AD5E223E642E}.Release|Mixed Platforms.Build.0 = Release|Win32
		{EE4BA0E5-F29F-4D72-B5D8-AD5E223E642E}.Release|Win32.ActiveCfg = Release|Win32
		{EE4BA0E5-F29F-4D72-B5D8-AD5E223E642E}.Release|Win32.Build.0 = Release|Win32
		{EE4BA0E5-F29F-4D72-B5D8-AD5E223E642E}.Unicode Debug|Any CPU.ActiveCfg = Debug|Win32
		{EE4BA0E5-F29F-4D72-B5D8-AD5E223E642E}.Unicode Debug|Mixed Platforms.ActiveCfg = Debug|Win32
		{EE4BA0E5-F29F-4D72-B5D8-AD5E223E642E}.Unicode Debug|Mixed Platforms.Build.0 = Debug|Win32
		{EE4BA0E5-F29F-4D72-B5D8-AD5E223E642E}.Unicode Debug|Win32.ActiveCfg = Debug|Win32
		{EE4BA0E5-F29F-4D72-B5D8-AD5E223E642E}.Unicode Debug|Win32.Build.0 = Debug|Win32
		{EE4BA0E5-F29F-4D72-B5D8-AD5E223E642E}.Unicode Release MinDependency|Any CPU.ActiveCfg = Release|Win32
		{EE4BA0E5-F29F-4D72-B5D8-AD5E223E642E}.Unicode Release MinDependency|Mixed Platforms.ActiveCfg = Release|Win32
		{EE4BA0E5-F29F-4D72-B5D8-AD5E223E642E}.Unicode Release MinDependency|Mixed Platforms.Build.0 = Release|Win32
		{EE4BA0E5-F29F-4D72-B5D8-AD5E223E642E}.Unicode Release MinDependency|Win32.ActiveCfg = Release|Win32
		{EE4BA0E5-F29F-4D72-B5D8-AD5E223E642E}.Unicode Release MinDependency|Win32.Build.0 = Release|Win32
		{EE4BA0E5-F29F-4D72-B5D8-AD5E223E642E}.Unicode Release MinSize|Any CPU.ActiveCfg = Release|Win32
		{EE4BA0E5-F29F-4D72-B5D8-AD5E223E642E}.Unicode Release MinSize|Mixed Platforms.ActiveCfg = Release|Win32
		{EE4BA0E5-F29F-4D72-B5D8-AD5E223E642E}.Unicode Release MinSize|Mixed Platforms.Build.0 = Release|Win32
		{EE4BA0E5-F29F-4D72-B5D8-AD5E223E642E}.Unicode Release MinSize|Win32.ActiveCfg = Release|Win32
		{EE4BA0E5-F29F-4D72-B5D8-AD5E223E642E}.Unicode Release MinSize|Win32.Build.0 = Release|Win32
		{78A58AE4-3A98-4397-B5B3-F6B09550BA87}.Debug|Any CPU.ActiveCfg = Debug|Any CPU
		{78A58AE4-3A98-4397-B5B3-F6B09550BA87}.Debug|Any CPU.Build.0 = Debug|Any CPU
		{78A58AE4-3A98-4397-B5B3-F6B09550BA87}.Debug|Mixed Platforms.ActiveCfg = Debug|Any CPU
		{78A58AE4-3A98-4397-B5B3-F6B09550BA87}.Debug|Mixed Platforms.Build.0 = Debug|Any CPU
		{78A58AE4-3A98-4397-B5B3-F6B09550BA87}.Debug|Win32.ActiveCfg = Debug|Any CPU
		{78A58AE4-3A98-4397-B5B3-F6B09550BA87}.Release MinDependency|Any CPU.ActiveCfg = Release|Any CPU
		{78A58AE4-3A98-4397-B5B3-F6B09550BA87}.Release MinDependency|Any CPU.Build.0 = Release|Any CPU
		{78A58AE4-3A98-4397-B5B3-F6B09550BA87}.Release MinDependency|Mixed Platforms.ActiveCfg = Release|Any CPU
		{78A58AE4-3A98-4397-B5B3-F6B09550BA87}.Release MinDependency|Mixed Platforms.Build.0 = Release|Any CPU
		{78A58AE4-3A98-4397-B5B3-F6B09550BA87}.Release MinDependency|Win32.ActiveCfg = Release|Any CPU
		{78A58AE4-3A98-4397-B5B3-F6B09550BA87}.Release MinSize|Any CPU.ActiveCfg = Release|Any CPU
		{78A58AE4-3A98-4397-B5B3-F6B09550BA87}.Release MinSize|Any CPU.Build.0 = Release|Any CPU
		{78A58AE4-3A98-4397-B5B3-F6B09550BA87}.Release MinSize|Mixed Platforms.ActiveCfg = Release|Any CPU
		{78A58AE4-3A98-4397-B5B3-F6B09550BA87}.Release MinSize|Mixed Platforms.Build.0 = Release|Any CPU
		{78A58AE4-3A98-4397-B5B3-F6B09550BA87}.Release MinSize|Win32.ActiveCfg = Release|Any CPU
		{78A58AE4-3A98-4397-B5B3-F6B09550BA87}.Release|Any CPU.ActiveCfg = Release|Any CPU
		{78A58AE4-3A98-4397-B5B3-F6B09550BA87}.Release|Any CPU.Build.0 = Release|Any CPU
		{78A58AE4-3A98-4397-B5B3-F6B09550BA87}.Release|Mixed Platforms.ActiveCfg = Release|Any CPU
		{78A58AE4-3A98-4397-B5B3-F6B09550BA87}.Release|Mixed Platforms.Build.0 = Release|Any CPU
		{78A58AE4-3A98-4397-B5B3-F6B09550BA87}.Release|Win32.ActiveCfg = Release|Any CPU
		{78A58AE4-3A98-4397-B5B3-F6B09550BA87}.Unicode Debug|Any CPU.ActiveCfg = Debug|Any CPU
		{78A58AE4-3A98-4397-B5B3-F6B09550BA87}.Unicode Debug|Any CPU.Build.0 = Debug|Any CPU
		{78A58AE4-3A98-4397-B5B3-F6B09550BA87}.Unicode Debug|Mixed Platforms.ActiveCfg = Debug|Any CPU
		{78A58AE4-3A98-4397-B5B3-F6B09550BA87}.Unicode Debug|Mixed Platforms.Build.0 = Debug|Any CPU
		{78A58AE4-3A98-4397-B5B3-F6B09550BA87}.Unicode Debug|Win32.ActiveCfg = Debug|Any CPU
		{78A58AE4-3A98-4397-B5B3-F6B09550BA87}.Unicode Release MinDependency|Any CPU.ActiveCfg = Release|Any CPU
		{78A58AE4-3A98-4397-B5B3-F6B09550BA87}.Unicode Release MinDependency|Any CPU.Build.0 = Release|Any CPU
		{78A58AE4-3A98-4397-B5B3-F6B09550BA87}.Unicode Release MinDependency|Mixed Platforms.ActiveCfg = Release|Any CPU
		{78A58AE4-3A98-4397-B5B3-F6B09550BA87}.Unicode Release MinDependency|Mixed Platforms.Build.0 = Release|Any CPU
		{78A58AE4-3A98-4397-B5B3-F6B09550BA87}.Unicode Release MinDependency|Win32.ActiveCfg = Release|Any CPU
		{78A58AE4-3A98-4397-B5B3-F6B09550BA87}.Unicode Release MinSize|Any CPU.ActiveCfg = Release|Any CPU
		{78A58AE4-3A98-4397-B5B3-F6B09550BA87}.Unicode Release MinSize|Any CPU.Build.0 = Release|Any CPU
		{78A58AE4-3A98-4397-B5B3-F6B09550BA87}.Unicode Release MinSize|Mixed Platforms.ActiveCfg = Release|Any CPU
		{78A58AE4-3A98-4397-B5B3-F6B09550BA87}.Unicode Release MinSize|Mixed Platforms.Build.0 = Release|Any CPU
		{78A58AE4-3A98-4397-B5B3-F6B09550BA87}.Unicode Release MinSize|Win32.ActiveCfg = Release|Any CPU
		{15D0687E-FB5D-49AC-AFE9-9CA09D4881FF}.Debug|Any CPU.ActiveCfg = Debug|Any CPU
		{15D0687E-FB5D-49AC-AFE9-9CA09D4881FF}.Debug|Any CPU.Build.0 = Debug|Any CPU
		{15D0687E-FB5D-49AC-AFE9-9CA09D4881FF}.Debug|Mixed Platforms.ActiveCfg = Debug|Any CPU
		{15D0687E-FB5D-49AC-AFE9-9CA09D4881FF}.Debug|Mixed Platforms.Build.0 = Debug|Any CPU
		{15D0687E-FB5D-49AC-AFE9-9CA09D4881FF}.Debug|Win32.ActiveCfg = Debug|Any CPU
		{15D0687E-FB5D-49AC-AFE9-9CA09D4881FF}.Release MinDependency|Any CPU.ActiveCfg = Release|Any CPU
		{15D0687E-FB5D-49AC-AFE9-9CA09D4881FF}.Release MinDependency|Any CPU.Build.0 = Release|Any CPU
		{15D0687E-FB5D-49AC-AFE9-9CA09D4881FF}.Release MinDependency|Mixed Platforms.ActiveCfg = Release|Any CPU
		{15D0687E-FB5D-49AC-AFE9-9CA09D4881FF}.Release MinDependency|Mixed Platforms.Build.0 = Release|Any CPU
		{15D0687E-FB5D-49AC-AFE9-9CA09D4881FF}.Release MinDependency|Win32.ActiveCfg = Release|Any CPU
		{15D0687E-FB5D-49AC-AFE9-9CA09D4881FF}.Release MinSize|Any CPU.ActiveCfg = Release|Any CPU
		{15D0687E-FB5D-49AC-AFE9-9CA09D4881FF}.Release MinSize|Any CPU.Build.0 = Release|Any CPU
		{15D0687E-FB5D-49AC-AFE9-9CA09D4881FF}.Release MinSize|Mixed Platforms.ActiveCfg = Release|Any CPU
		{15D0687E-FB5D-49AC-AFE9-9CA09D4881FF}.Release MinSize|Mixed Platforms.Build.0 = Release|Any CPU
		{15D0687E-FB5D-49AC-AFE9-9CA09D4881FF}.Release MinSize|Win32.ActiveCfg = Release|Any CPU
		{15D0687E-FB5D-49AC-AFE9-9CA09D4881FF}.Release|Any CPU.ActiveCfg = Release|Any CPU
		{15D0687E-FB5D-49AC-AFE9-9CA09D4881FF}.Release|Any CPU.Build.0 = Release|Any CPU
		{15D0687E-FB5D-49AC-AFE9-9CA09D4881FF}.Release|Mixed Platforms.ActiveCfg = Release|Any CPU
		{15D0687E-FB5D-49AC-AFE9-9CA09D4881FF}.Release|Mixed Platforms.Build.0 = Release|Any CPU
		{15D0687E-FB5D-49AC-AFE9-9CA09D4881FF}.Release|Win32.ActiveCfg = Release|Any CPU
		{15D0687E-FB5D-49AC-AFE9-9CA09D4881FF}.Unicode Debug|Any CPU.ActiveCfg = Debug|Any CPU
		{15D0687E-FB5D-49AC-AFE9-9CA09D4881FF}.Unicode Debug|Any CPU.Build.0 = Debug|Any CPU
		{15D0687E-FB5D-49AC-AFE9-9CA09D4881FF}.Unicode Debug|Mixed Platforms.ActiveCfg = Debug|Any CPU
		{15D0687E-FB5D-49AC-AFE9-9CA09D4881FF}.Unicode Debug|Mixed Platforms.Build.0 = Debug|Any CPU
		{15D0687E-FB5D-49AC-AFE9-9CA09D4881FF}.Unicode Debug|Win32.ActiveCfg = Debug|Any CPU
		{15D0687E-FB5D-49AC-AFE9-9CA09D4881FF}.Unicode Release MinDependency|Any CPU.ActiveCfg = Release|Any CPU
		{15D0687E-FB5D-49AC-AFE9-9CA09D4881FF}.Unicode Release MinDependency|Any CPU.Build.0 = Release|Any CPU
		{15D0687E-FB5D-49AC-AFE9-9CA09D4881FF}.Unicode Release MinDependency|Mixed Platforms.ActiveCfg = Release|Any CPU
		{15D0687E-FB5D-49AC-AFE9-9CA09D4881FF}.Unicode Release MinDependency|Mixed Platforms.Build.0 = Release|Any CPU
		{15D0687E-FB5D-49AC-AFE9-9CA09D4881FF}.Unicode Release MinDependency|Win32.ActiveCfg = Release|Any CPU
		{15D0687E-FB5D-49AC-AFE9-9CA09D4881FF}.Unicode Release MinSize|Any CPU.ActiveCfg = Release|Any CPU
		{15D0687E-FB5D-49AC-AFE9-9CA09D4881FF}.Unicode Release MinSize|Any CPU.Build.0 = Release|Any CPU
		{15D0687E-FB5D-49AC-AFE9-9CA09D4881FF}.Unicode Release MinSize|Mixed Platforms.ActiveCfg = Release|Any CPU
		{15D0687E-FB5D-49AC-AFE9-9CA09D4881FF}.Unicode Release MinSize|Mixed Platforms.Build.0 = Release|Any CPU
		{15D0687E-FB5D-49AC-AFE9-9CA09D4881FF}.Unicode Release MinSize|Win32.ActiveCfg = Release|Any CPU
		{A75DA726-6A26-4E29-9098-F5BE5DE57C2B}.Debug|Any CPU.ActiveCfg = Debug|Any CPU
		{A75DA726-6A26-4E29-9098-F5BE5DE57C2B}.Debug|Any CPU.Build.0 = Debug|Any CPU
		{A75DA726-6A26-4E29-9098-F5BE5DE57C2B}.Debug|Mixed Platforms.ActiveCfg = Debug|Any CPU
		{A75DA726-6A26-4E29-9098-F5BE5DE57C2B}.Debug|Mixed Platforms.Build.0 = Debug|Any CPU
		{A75DA726-6A26-4E29-9098-F5BE5DE57C2B}.Debug|Win32.ActiveCfg = Debug|Any CPU
		{A75DA726-6A26-4E29-9098-F5BE5DE57C2B}.Release MinDependency|Any CPU.ActiveCfg = Release|Any CPU
		{A75DA726-6A26-4E29-9098-F5BE5DE57C2B}.Release MinDependency|Any CPU.Build.0 = Release|Any CPU
		{A75DA726-6A26-4E29-9098-F5BE5DE57C2B}.Release MinDependency|Mixed Platforms.ActiveCfg = Release|Any CPU
		{A75DA726-6A26-4E29-9098-F5BE5DE57C2B}.Release MinDependency|Mixed Platforms.Build.0 = Release|Any CPU
		{A75DA726-6A26-4E29-9098-F5BE5DE57C2B}.Release MinDependency|Win32.ActiveCfg = Release|Any CPU
		{A75DA726-6A26-4E29-9098-F5BE5DE57C2B}.Release MinSize|Any CPU.ActiveCfg = Release|Any CPU
		{A75DA726-6A26-4E29-9098-F5BE5DE57C2B}.Release MinSize|Any CPU.Build.0 = Release|Any CPU
		{A75DA726-6A26-4E29-9098-F5BE5DE57C2B}.Release MinSize|Mixed Platforms.ActiveCfg = Release|Any CPU
		{A75DA726-6A26-4E29-9098-F5BE5DE57C2B}.Release MinSize|Mixed Platforms.Build.0 = Release|Any CPU
		{A75DA726-6A26-4E29-9098-F5BE5DE57C2B}.Release MinSize|Win32.ActiveCfg = Release|Any CPU
		{A75DA726-6A26-4E29-9098-F5BE5DE57C2B}.Release|Any CPU.ActiveCfg = Release|Any CPU
		{A75DA726-6A26-4E29-9098-F5BE5DE57C2B}.Release|Any CPU.Build.0 = Release|Any CPU
		{A75DA726-6A26-4E29-9098-F5BE5DE57C2B}.Release|Mixed Platforms.ActiveCfg = Release|Any CPU
		{A75DA726-6A26-4E29-9098-F5BE5DE57C2B}.Release|Mixed Platforms.Build.0 = Release|Any CPU
		{A75DA726-6A26-4E29-9098-F5BE5DE57C2B}.Release|Win32.ActiveCfg = Release|Any CPU
		{A75DA726-6A26-4E29-9098-F5BE5DE57C2B}.Unicode Debug|Any CPU.ActiveCfg = Debug|Any CPU
		{A75DA726-6A26-4E29-9098-F5BE5DE57C2B}.Unicode Debug|Any CPU.Build.0 = Debug|Any CPU
		{A75DA726-6A26-4E29-9098-F5BE5DE57C2B}.Unicode Debug|Mixed Platforms.ActiveCfg = Debug|Any CPU
		{A75DA726-6A26-4E29-9098-F5BE5DE57C2B}.Unicode Debug|Mixed Platforms.Build.0 = Debug|Any CPU
		{A75DA726-6A26-4E29-9098-F5BE5DE57C2B}.Unicode Debug|Win32.ActiveCfg = Debug|Any CPU
		{A75DA726-6A26-4E29-9098-F5BE5DE57C2B}.Unicode Release MinDependency|Any CPU.ActiveCfg = Release|Any CPU
		{A75DA726-6A26-4E29-9098-F5BE5DE57C2B}.Unicode Release MinDependency|Any CPU.Build.0 = Release|Any CPU
		{A75DA726-6A26-4E29-9098-F5BE5DE57C2B}.Unicode Release MinDependency|Mixed Platforms.ActiveCfg = Release|Any CPU
		{A75DA726-6A26-4E29-9098-F5BE5DE57C2B}.Unicode Release MinDependency|Mixed Platforms.Build.0 = Release|Any CPU
		{A75DA726-6A26-4E29-9098-F5BE5DE57C2B}.Unicode Release MinDependency|Win32.ActiveCfg = Release|Any CPU
		{A75DA726-6A26-4E29-9098-F5BE5DE57C2B}.Unicode Release MinSize|Any CPU.ActiveCfg = Release|Any CPU
		{A75DA726-6A26-4E29-9098-F5BE5DE57C2B}.Unicode Release MinSize|Any CPU.Build.0 = Release|Any CPU
		{A75DA726-6A26-4E29-9098-F5BE5DE57C2B}.Unicode Release MinSize|Mixed Platforms.ActiveCfg = Release|Any CPU
		{A75DA726-6A26-4E29-9098-F5BE5DE57C2B}.Unicode Release MinSize|Mixed Platforms.Build.0 = Release|Any CPU
		{A75DA726-6A26-4E29-9098-F5BE5DE57C2B}.Unicode Release MinSize|Win32.ActiveCfg = Release|Any CPU
		{2BB0F2A4-E43F-4876-A9A4-F26A1EABE7F9}.Debug|Any CPU.ActiveCfg = Debug|Win32
		{2BB0F2A4-E43F-4876-A9A4-F26A1EABE7F9}.Debug|Mixed Platforms.ActiveCfg = Debug|Win32
		{2BB0F2A4-E43F-4876-A9A4-F26A1EABE7F9}.Debug|Mixed Platforms.Build.0 = Debug|Win32
		{2BB0F2A4-E43F-4876-A9A4-F26A1EABE7F9}.Debug|Win32.ActiveCfg = Debug|Win32
		{2BB0F2A4-E43F-4876-A9A4-F26A1EABE7F9}.Debug|Win32.Build.0 = Debug|Win32
		{2BB0F2A4-E43F-4876-A9A4-F26A1EABE7F9}.Release MinDependency|Any CPU.ActiveCfg = Release|Win32
		{2BB0F2A4-E43F-4876-A9A4-F26A1EABE7F9}.Release MinDependency|Mixed Platforms.ActiveCfg = Release|Win32
		{2BB0F2A4-E43F-4876-A9A4-F26A1EABE7F9}.Release MinDependency|Mixed Platforms.Build.0 = Release|Win32
		{2BB0F2A4-E43F-4876-A9A4-F26A1EABE7F9}.Release MinDependency|Win32.ActiveCfg = Release|Win32
		{2BB0F2A4-E43F-4876-A9A4-F26A1EABE7F9}.Release MinDependency|Win32.Build.0 = Release|Win32
		{2BB0F2A4-E43F-4876-A9A4-F26A1EABE7F9}.Release MinSize|Any CPU.ActiveCfg = Release|Win32
		{2BB0F2A4-E43F-4876-A9A4-F26A1EABE7F9}.Release MinSize|Mixed Platforms.ActiveCfg = Release|Win32
		{2BB0F2A4-E43F-4876-A9A4-F26A1EABE7F9}.Release MinSize|Mixed Platforms.Build.0 = Release|Win32
		{2BB0F2A4-E43F-4876-A9A4-F26A1EABE7F9}.Release MinSize|Win32.ActiveCfg = Release|Win32
		{2BB0F2A4-E43F-4876-A9A4-F26A1EABE7F9}.Release MinSize|Win32.Build.0 = Release|Win32
		{2BB0F2A4-E43F-4876-A9A4-F26A1EABE7F9}.Release|Any CPU.ActiveCfg = Release|Win32
		{2BB0F2A4-E43F-4876-A9A4-F26A1EABE7F9}.Release|Mixed Platforms.ActiveCfg = Release|Win32
		{2BB0F2A4-E43F-4876-A9A4-F26A1EABE7F9}.Release|Mixed Platforms.Build.0 = Release|Win32
		{2BB0F2A4-E43F-4876-A9A4-F26A1EABE7F9}.Release|Win32.ActiveCfg = Release|Win32
		{2BB0F2A4-E43F-4876-A9A4-F26A1EABE7F9}.Release|Win32.Build.0 = Release|Win32
		{2BB0F2A4-E43F-4876-A9A4-F26A1EABE7F9}.Unicode Debug|Any CPU.ActiveCfg = Debug|Win32
		{2BB0F2A4-E43F-4876-A9A4-F26A1EABE7F9}.Unicode Debug|Mixed Platforms.ActiveCfg = Debug|Win32
		{2BB0F2A4-E43F-4876-A9A4-F26A1EABE7F9}.Unicode Debug|Mixed Platforms.Build.0 = Debug|Win32
		{2BB0F2A4-E43F-4876-A9A4-F26A1EABE7F9}.Unicode Debug|Win32.ActiveCfg = Debug|Win32
		{2BB0F2A4-E43F-4876-A9A4-F26A1EABE7F9}.Unicode Debug|Win32.Build.0 = Debug|Win32
		{2BB0F2A4-E43F-4876-A9A4-F26A1EABE7F9}.Unicode Release MinDependency|Any CPU.ActiveCfg = Release|Win32
		{2BB0F2A4-E43F-4876-A9A4-F26A1EABE7F9}.Unicode Release MinDependency|Mixed Platforms.ActiveCfg = Release|Win32
		{2BB0F2A4-E43F-4876-A9A4-F26A1EABE7F9}.Unicode Release MinDependency|Mixed Platforms.Build.0 = Release|Win32
		{2BB0F2A4-E43F-4876-A9A4-F26A1EABE7F9}.Unicode Release MinDependency|Win32.ActiveCfg = Release|Win32
		{2BB0F2A4-E43F-4876-A9A4-F26A1EABE7F9}.Unicode Release MinDependency|Win32.Build.0 = Release|Win32
		{2BB0F2A4-E43F-4876-A9A4-F26A1EABE7F9}.Unicode Release MinSize|Any CPU.ActiveCfg = Release|Win32
		{2BB0F2A4-E43F-4876-A9A4-F26A1EABE7F9}.Unicode Release MinSize|Mixed Platforms.ActiveCfg = Release|Win32
		{2BB0F2A4-E43F-4876-A9A4-F26A1EABE7F9}.Unicode Release MinSize|Mixed Platforms.Build.0 = Release|Win32
		{2BB0F2A4-E43F-4876-A9A4-F26A1EABE7F9}.Unicode Release MinSize|Win32.ActiveCfg = Release|Win32
		{2BB0F2A4-E43F-4876-A9A4-F26A1EABE7F9}.Unicode Release MinSize|Win32.Build.0 = Release|Win32
		{151D533E-32C9-410D-8871-5260180934E0}.Debug|Any CPU.ActiveCfg = Debug|Any CPU
		{151D533E-32C9-410D-8871-5260180934E0}.Debug|Any CPU.Build.0 = Debug|Any CPU
		{151D533E-32C9-410D-8871-5260180934E0}.Debug|Mixed Platforms.ActiveCfg = Debug|Any CPU
		{151D533E-32C9-410D-8871-5260180934E0}.Debug|Mixed Platforms.Build.0 = Debug|Any CPU
		{151D533E-32C9-410D-8871-5260180934E0}.Debug|Win32.ActiveCfg = Debug|Any CPU
		{151D533E-32C9-410D-8871-5260180934E0}.Release MinDependency|Any CPU.ActiveCfg = Release|Any CPU
		{151D533E-32C9-410D-8871-5260180934E0}.Release MinDependency|Any CPU.Build.0 = Release|Any CPU
		{151D533E-32C9-410D-8871-5260180934E0}.Release MinDependency|Mixed Platforms.ActiveCfg = Release|Any CPU
		{151D533E-32C9-410D-8871-5260180934E0}.Release MinDependency|Mixed Platforms.Build.0 = Release|Any CPU
		{151D533E-32C9-410D-8871-5260180934E0}.Release MinDependency|Win32.ActiveCfg = Release|Any CPU
		{151D533E-32C9-410D-8871-5260180934E0}.Release MinSize|Any CPU.ActiveCfg = Release|Any CPU
		{151D533E-32C9-410D-8871-5260180934E0}.Release MinSize|Any CPU.Build.0 = Release|Any CPU
		{151D533E-32C9-410D-8871-5260180934E0}.Release MinSize|Mixed Platforms.ActiveCfg = Release|Any CPU
		{151D533E-32C9-410D-8871-5260180934E0}.Release MinSize|Mixed Platforms.Build.0 = Release|Any CPU
		{151D533E-32C9-410D-8871-5260180934E0}.Release MinSize|Win32.ActiveCfg = Release|Any CPU
		{151D533E-32C9-410D-8871-5260180934E0}.Release|Any CPU.ActiveCfg = Release|Any CPU
		{151D533E-32C9-410D-8871-5260180934E0}.Release|Any CPU.Build.0 = Release|Any CPU
		{151D533E-32C9-410D-8871-5260180934E0}.Release|Mixed Platforms.ActiveCfg = Release|Any CPU
		{151D533E-32C9-410D-8871-5260180934E0}.Release|Mixed Platforms.Build.0 = Release|Any CPU
		{151D533E-32C9-410D-8871-5260180934E0}.Release|Win32.ActiveCfg = Release|Any CPU
		{151D533E-32C9-410D-8871-5260180934E0}.Unicode Debug|Any CPU.ActiveCfg = Debug|Any CPU
		{151D533E-32C9-410D-8871-5260180934E0}.Unicode Debug|Any CPU.Build.0 = Debug|Any CPU
		{151D533E-32C9-410D-8871-5260180934E0}.Unicode Debug|Mixed Platforms.ActiveCfg = Debug|Any CPU
		{151D533E-32C9-410D-8871-5260180934E0}.Unicode Debug|Mixed Platforms.Build.0 = Debug|Any CPU
		{151D533E-32C9-410D-8871-5260180934E0}.Unicode Debug|Win32.ActiveCfg = Debug|Any CPU
		{151D533E-32C9-410D-8871-5260180934E0}.Unicode Release MinDependency|Any CPU.ActiveCfg = Release|Any CPU
		{151D533E-32C9-410D-8871-5260180934E0}.Unicode Release MinDependency|Any CPU.Build.0 = Release|Any CPU
		{151D533E-32C9-410D-8871-5260180934E0}.Unicode Release MinDependency|Mixed Platforms.ActiveCfg = Release|Any CPU
		{151D533E-32C9-410D-8871-5260180934E0}.Unicode Release MinDependency|Mixed Platforms.Build.0 = Release|Any CPU
		{151D533E-32C9-410D-8871-5260180934E0}.Unicode Release MinDependency|Win32.ActiveCfg = Release|Any CPU
		{151D533E-32C9-410D-8871-5260180934E0}.Unicode Release MinSize|Any CPU.ActiveCfg = Release|Any CPU
		{151D533E-32C9-410D-8871-5260180934E0}.Unicode Release MinSize|Any CPU.Build.0 = Release|Any CPU
		{151D533E-32C9-410D-8871-5260180934E0}.Unicode Release MinSize|Mixed Platforms.ActiveCfg = Release|Any CPU
		{151D533E-32C9-410D-8871-5260180934E0}.Unicode Release MinSize|Mixed Platforms.Build.0 = Release|Any CPU
		{151D533E-32C9-410D-8871-5260180934E0}.Unicode Release MinSize|Win32.ActiveCfg = Release|Any CPU
	EndGlobalSection
	GlobalSection(SolutionProperties) = preSolution
		HideSolutionNode = FALSE
	EndGlobalSection
EndGlobal
